
Microsoft Visual Studio Solution File, Format Version 12.00
# Visual Studio Version 16
VisualStudioVersion = 16.0.31129.286
MinimumVisualStudioVersion = 10.0.40219.1
Project("{FAE04EC0-301F-11D3-BF4B-00C04F79EFBC}") = "GerenciadorDeEquipamentosOO", "GerenciadorDeEquipamentosOO\GerenciadorDeEquipamentosOO.csproj", "{4EB3FFCF-0383-4042-AF3D-A4F10E4575B5}"
EndProject
Global
	GlobalSection(SolutionConfigurationPlatforms) = preSolution
		Debug|Any CPU = Debug|Any CPU
		Release|Any CPU = Release|Any CPU
	EndGlobalSection
	GlobalSection(ProjectConfigurationPlatforms) = postSolution
		{4EB3FFCF-0383-4042-AF3D-A4F10E4575B5}.Debug|Any CPU.ActiveCfg = Debug|Any CPU
		{4EB3FFCF-0383-4042-AF3D-A4F10E4575B5}.Debug|Any CPU.Build.0 = Debug|Any CPU
		{4EB3FFCF-0383-4042-AF3D-A4F10E4575B5}.Release|Any CPU.ActiveCfg = Release|Any CPU
		{4EB3FFCF-0383-4042-AF3D-A4F10E4575B5}.Release|Any CPU.Build.0 = Release|Any CPU
	EndGlobalSection
	GlobalSection(SolutionProperties) = preSolution
		HideSolutionNode = FALSE
	EndGlobalSection
	GlobalSection(ExtensibilityGlobals) = postSolution
		SolutionGuid = {569E84D5-0383-4120-A25D-5E1B60B4B58B}
	EndGlobalSection
EndGlobal
